PODS:
  - CollectionKit (2.3.0):
    - CollectionKit/Core (= 2.3.0)
  - CollectionKit/Core (2.3.0)
  - RxAtomic (4.4.0)
  - RxCocoa (4.4.0):
    - RxSwift (~> 4.0)
  - RxSwift (4.4.0):
    - RxAtomic (~> 4.4)
  - RxViewController (0.4.0):
    - RxCocoa (>= 4.0.0)
    - RxSwift (>= 4.0.0)

DEPENDENCIES:
  - CollectionKit
  - RxViewController

SPEC REPOS:
  https://github.com/cocoapods/specs.git:
    - CollectionKit
    - RxAtomic
    - RxCocoa
    - RxSwift
    - RxViewController

SPEC CHECKSUMS:
  CollectionKit: 6910479bf865bfe49040e73322ce4b8fe8991231
  RxAtomic: eacf60db868c96bfd63320e28619fe29c179656f
  RxCocoa: df63ebf7b9a70d6b4eeea407ed5dd4efc8979749
  RxSwift: 5976ecd04fc2fefd648827c23de5e11157faa973
  RxViewController: 359bbc2fda373a78605b2735afb0f9f4f3f6c3e4

PODFILE CHECKSUM: 2db5fef7f9c5fe5ec214453c09b526a65dcff5f6

COCOAPODS: 1.5.3
