// !$*UTF8*$!
{
	archiveVersion = 1;
	classes = {
	};
	objectVersion = 50;
	objects = {

/* Begin PBXBuildFile section */
		3D69EE2921F31DAF006209F1 /* AppDelegate.swift in Sources */ = {isa = PBXBuildFile; fileRef = 3D69EE2821F31DAF006209F1 /* AppDelegate.swift */; };
		3D69EE2B21F31DAF006209F1 /* ViewController.swift in Sources */ = {isa = PBXBuildFile; fileRef = 3D69EE2A21F31DAF006209F1 /* ViewController.swift */; };
		3D69EE2E21F31DAF006209F1 /* Main.storyboard in Resources */ = {isa = PBXBuildFile; fileRef = 3D69EE2C21F31DAF006209F1 /* Main.storyboard */; };
		3D69EE3121F31DAF006209F1 /* Payconiq.xcdatamodeld in Sources */ = {isa = PBXBuildFile; fileRef = 3D69EE2F21F31DAF006209F1 /* Payconiq.xcdatamodeld */; };
		3D69EE3321F31DB1006209F1 /* Assets.xcassets in Resources */ = {isa = PBXBuildFile; fileRef = 3D69EE3221F31DB1006209F1 /* Assets.xcassets */; };
		3D69EE3621F31DB1006209F1 /* LaunchScreen.storyboard in Resources */ = {isa = PBXBuildFile; fileRef = 3D69EE3421F31DB1006209F1 /* LaunchScreen.storyboard */; };
		3D69EE4121F31DB1006209F1 /* PayconiqTests.swift in Sources */ = {isa = PBXBuildFile; fileRef = 3D69EE4021F31DB1006209F1 /* PayconiqTests.swift */; };
		3D69EE4C21F31DB1006209F1 /* PayconiqUITests.swift in Sources */ = {isa = PBXBuildFile; fileRef = 3D69EE4B21F31DB1006209F1 /* PayconiqUITests.swift */; };
/* End PBXBuildFile section */

/* Begin PBXContainerItemProxy section */
		3D69EE3D21F31DB1006209F1 /* PBXContainerItemProxy */ = {
			isa = PBXContainerItemProxy;
			containerPortal = 3D69EE1D21F31DAF006209F1 /* Project object */;
			proxyType = 1;
			remoteGlobalIDString = 3D69EE2421F31DAF006209F1;
			remoteInfo = Payconiq;
		};
		3D69EE4821F31DB1006209F1 /* PBXContainerItemProxy */ = {
			isa = PBXContainerItemProxy;
			containerPortal = 3D69EE1D21F31DAF006209F1 /* Project object */;
			proxyType = 1;
			remoteGlobalIDString = 3D69EE2421F31DAF006209F1;
			remoteInfo = Payconiq;
		};
/* End PBXContainerItemProxy section */

/* Begin PBXFileReference section */
		3D69EE2521F31DAF006209F1 /* Payconiq.app */ = {isa = PBXFileReference; explicitFileType = wrapper.application; includeInIndex = 0; path = Payconiq.app; sourceTree = BUILT_PRODUCTS_DIR; };
		3D69EE2821F31DAF006209F1 /* AppDelegate.swift */ = {isa = PBXFileReference; lastKnownFileType = sourcecode.swift; path = AppDelegate.swift; sourceTree = "<group>"; };
		3D69EE2A21F31DAF006209F1 /* ViewController.swift */ = {isa = PBXFileReference; lastKnownFileType = sourcecode.swift; path = ViewController.swift; sourceTree = "<group>"; };
		3D69EE2D21F31DAF006209F1 /* Base */ = {isa = PBXFileReference; lastKnownFileType = file.storyboard; name = Base; path = Base.lproj/Main.storyboard; sourceTree = "<group>"; };
		3D69EE3021F31DAF006209F1 /* Payconiq.xcdatamodel */ = {isa = PBXFileReference; lastKnownFileType = wrapper.xcdatamodel; path = Payconiq.xcdatamodel; sourceTree = "<group>"; };
		3D69EE3221F31DB1006209F1 /* Assets.xcassets */ = {isa = PBXFileReference; lastKnownFileType = folder.assetcatalog; path = Assets.xcassets; sourceTree = "<group>"; };
		3D69EE3521F31DB1006209F1 /* Base */ = {isa = PBXFileReference; lastKnownFileType = file.storyboard; name = Base; path = Base.lproj/LaunchScreen.storyboard; sourceTree = "<group>"; };
		3D69EE3721F31DB1006209F1 /* Info.plist */ = {isa = PBXFileReference; lastKnownFileType = text.plist.xml; path = Info.plist; sourceTree = "<group>"; };
		3D69EE3C21F31DB1006209F1 /* PayconiqTests.xctest */ = {isa = PBXFileReference; explicitFileType = wrapper.cfbundle; includeInIndex = 0; path = PayconiqTests.xctest; sourceTree = BUILT_PRODUCTS_DIR; };
		3D69EE4021F31DB1006209F1 /* PayconiqTests.swift */ = {isa = PBXFileReference; lastKnownFileType = sourcecode.swift; path = PayconiqTests.swift; sourceTree = "<group>"; };
		3D69EE4221F31DB1006209F1 /* Info.plist */ = {isa = PBXFileReference; lastKnownFileType = text.plist.xml; path = Info.plist; sourceTree = "<group>"; };
		3D69EE4721F31DB1006209F1 /* PayconiqUITests.xctest */ = {isa = PBXFileReference; explicitFileType = wrapper.cfbundle; includeInIndex = 0; path = PayconiqUITests.xctest; sourceTree = BUILT_PRODUCTS_DIR; };
		3D69EE4B21F31DB1006209F1 /* PayconiqUITests.swift */ = {isa = PBXFileReference; lastKnownFileType = sourcecode.swift; path = PayconiqUITests.swift; sourceTree = "<group>"; };
		3D69EE4D21F31DB1006209F1 /* Info.plist */ = {isa = PBXFileReference; lastKnownFileType = text.plist.xml; path = Info.plist; sourceTree = "<group>"; };
/* End PBXFileReference section */

/* Begin PBXFrameworksBuildPhase section */
		3D69EE2221F31DAF006209F1 /* Frameworks */ = {
			isa = PBXFrameworksBuildPhase;
			buildActionMask = 2147483647;
			files = (
			);
			runOnlyForDeploymentPostprocessing = 0;
		};
		3D69EE3921F31DB1006209F1 /* Frameworks */ = {
			isa = PBXFrameworksBuildPhase;
			buildActionMask = 2147483647;
			files = (
			);
			runOnlyForDeploymentPostprocessing = 0;
		};
		3D69EE4421F31DB1006209F1 /* Frameworks */ = {
			isa = PBXFrameworksBuildPhase;
			buildActionMask = 2147483647;
			files = (
			);
			runOnlyForDeploymentPostprocessing = 0;
		};
/* End PBXFrameworksBuildPhase section */

/* Begin PBXGroup section */
		3D69EE1C21F31DAF006209F1 = {
			isa = PBXGroup;
			children = (
				3D69EE2721F31DAF006209F1 /* Payconiq */,
				3D69EE3F21F31DB1006209F1 /* PayconiqTests */,
				3D69EE4A21F31DB1006209F1 /* PayconiqUITests */,
				3D69EE2621F31DAF006209F1 /* Products */,
			);
			sourceTree = "<group>";
		};
		3D69EE2621F31DAF006209F1 /* Products */ = {
			isa = PBXGroup;
			children = (
				3D69EE2521F31DAF006209F1 /* Payconiq.app */,
				3D69EE3C21F31DB1006209F1 /* PayconiqTests.xctest */,
				3D69EE4721F31DB1006209F1 /* PayconiqUITests.xctest */,
			);
			name = Products;
			sourceTree = "<group>";
		};
		3D69EE2721F31DAF006209F1 /* Payconiq */ = {
			isa = PBXGroup;
			children = (
				3D69EE2821F31DAF006209F1 /* AppDelegate.swift */,
				3D69EE2A21F31DAF006209F1 /* ViewController.swift */,
				3D69EE2C21F31DAF006209F1 /* Main.storyboard */,
				3D69EE3221F31DB1006209F1 /* Assets.xcassets */,
				3D69EE3421F31DB1006209F1 /* LaunchScreen.storyboard */,
				3D69EE3721F31DB1006209F1 /* Info.plist */,
				3D69EE2F21F31DAF006209F1 /* Payconiq.xcdatamodeld */,
			);
			path = Payconiq;
			sourceTree = "<group>";
		};
		3D69EE3F21F31DB1006209F1 /* PayconiqTests */ = {
			isa = PBXGroup;
			children = (
				3D69EE4021F31DB1006209F1 /* PayconiqTests.swift */,
				3D69EE4221F31DB1006209F1 /* Info.plist */,
			);
			path = PayconiqTests;
			sourceTree = "<group>";
		};
		3D69EE4A21F31DB1006209F1 /* PayconiqUITests */ = {
			isa = PBXGroup;
			children = (
				3D69EE4B21F31DB1006209F1 /* PayconiqUITests.swift */,
				3D69EE4D21F31DB1006209F1 /* Info.plist */,
			);
			path = PayconiqUITests;
			sourceTree = "<group>";
		};
/* End PBXGroup section */

/* Begin PBXNativeTarget section */
		3D69EE2421F31DAF006209F1 /* Payconiq */ = {
			isa = PBXNativeTarget;
			buildConfigurationList = 3D69EE5021F31DB1006209F1 /* Build configuration list for PBXNativeTarget "Payconiq" */;
			buildPhases = (
				3D69EE2121F31DAF006209F1 /* Sources */,
				3D69EE2221F31DAF006209F1 /* Frameworks */,
				3D69EE2321F31DAF006209F1 /* Resources */,
			);
			buildRules = (
			);
			dependencies = (
			);
			name = Payconiq;
			productName = Payconiq;
			productReference = 3D69EE2521F31DAF006209F1 /* Payconiq.app */;
			productType = "com.apple.product-type.application";
		};
		3D69EE3B21F31DB1006209F1 /* PayconiqTests */ = {
			isa = PBXNativeTarget;
			buildConfigurationList = 3D69EE5321F31DB1006209F1 /* Build configuration list for PBXNativeTarget "PayconiqTests" */;
			buildPhases = (
				3D69EE3821F31DB1006209F1 /* Sources */,
				3D69EE3921F31DB1006209F1 /* Frameworks */,
				3D69EE3A21F31DB1006209F1 /* Resources */,
			);
			buildRules = (
			);
			dependencies = (
				3D69EE3E21F31DB1006209F1 /* PBXTargetDependency */,
			);
			name = PayconiqTests;
			productName = PayconiqTests;
			productReference = 3D69EE3C21F31DB1006209F1 /* PayconiqTests.xctest */;
			productType = "com.apple.product-type.bundle.unit-test";
		};
		3D69EE4621F31DB1006209F1 /* PayconiqUITests */ = {
			isa = PBXNativeTarget;
			buildConfigurationList = 3D69EE5621F31DB1006209F1 /* Build configuration list for PBXNativeTarget "PayconiqUITests" */;
			buildPhases = (
				3D69EE4321F31DB1006209F1 /* Sources */,
				3D69EE4421F31DB1006209F1 /* Frameworks */,
				3D69EE4521F31DB1006209F1 /* Resources */,
			);
			buildRules = (
			);
			dependencies = (
				3D69EE4921F31DB1006209F1 /* PBXTargetDependency */,
			);
			name = PayconiqUITests;
			productName = PayconiqUITests;
			productReference = 3D69EE4721F31DB1006209F1 /* PayconiqUITests.xctest */;
			productType = "com.apple.product-type.bundle.ui-testing";
		};
/* End PBXNativeTarget section */

/* Begin PBXProject section */
		3D69EE1D21F31DAF006209F1 /* Project object */ = {
			isa = PBXProject;
			attributes = {
				LastSwiftUpdateCheck = 1010;
				LastUpgradeCheck = 1010;
				ORGANIZATIONNAME = "mohamed El Dehairy";
				TargetAttributes = {
					3D69EE2421F31DAF006209F1 = {
						CreatedOnToolsVersion = 10.1;
					};
					3D69EE3B21F31DB1006209F1 = {
						CreatedOnToolsVersion = 10.1;
						TestTargetID = 3D69EE2421F31DAF006209F1;
					};
					3D69EE4621F31DB1006209F1 = {
						CreatedOnToolsVersion = 10.1;
						TestTargetID = 3D69EE2421F31DAF006209F1;
					};
				};
			};
			buildConfigurationList = 3D69EE2021F31DAF006209F1 /* Build configuration list for PBXProject "Payconiq" */;
			compatibilityVersion = "Xcode 9.3";
			developmentRegion = en;
			hasScannedForEncodings = 0;
			knownRegions = (
				en,
				Base,
			);
			mainGroup = 3D69EE1C21F31DAF006209F1;
			productRefGroup = 3D69EE2621F31DAF006209F1 /* Products */;
			projectDirPath = "";
			projectRoot = "";
			targets = (
				3D69EE2421F31DAF006209F1 /* Payconiq */,
				3D69EE3B21F31DB1006209F1 /* PayconiqTests */,
				3D69EE4621F31DB1006209F1 /* PayconiqUITests */,
			);
		};
/* End PBXProject section */

/* Begin PBXResourcesBuildPhase section */
		3D69EE2321F31DAF006209F1 /* Resources */ = {
			isa = PBXResourcesBuildPhase;
			buildActionMask = 2147483647;
			files = (
				3D69EE3621F31DB1006209F1 /* LaunchScreen.storyboard in Resources */,
				3D69EE3321F31DB1006209F1 /* Assets.xcassets in Resources */,
				3D69EE2E21F31DAF006209F1 /* Main.storyboard in Resources */,
			);
			runOnlyForDeploymentPostprocessing = 0;
		};
		3D69EE3A21F31DB1006209F1 /* Resources */ = {
			isa = PBXResourcesBuildPhase;
			buildActionMask = 2147483647;
			files = (
			);
			runOnlyForDeploymentPostprocessing = 0;
		};
		3D69EE4521F31DB1006209F1 /* Resources */ = {
			isa = PBXResourcesBuildPhase;
			buildActionMask = 2147483647;
			files = (
			);
			runOnlyForDeploymentPostprocessing = 0;
		};
/* End PBXResourcesBuildPhase section */

/* Begin PBXSourcesBuildPhase section */
		3D69EE2121F31DAF006209F1 /* Sources */ = {
			isa = PBXSourcesBuildPhase;
			buildActionMask = 2147483647;
			files = (
				3D69EE2B21F31DAF006209F1 /* ViewController.swift in Sources */,
				3D69EE3121F31DAF006209F1 /* Payconiq.xcdatamodeld in Sources */,
				3D69EE2921F31DAF006209F1 /* AppDelegate.swift in Sources */,
			);
			runOnlyForDeploymentPostprocessing = 0;
		};
		3D69EE3821F31DB1006209F1 /* Sources */ = {
			isa = PBXSourcesBuildPhase;
			buildActionMask = 2147483647;
			files = (
				3D69EE4121F31DB1006209F1 /* PayconiqTests.swift in Sources */,
			);
			runOnlyForDeploymentPostprocessing = 0;
		};
		3D69EE4321F31DB1006209F1 /* Sources */ = {
			isa = PBXSourcesBuildPhase;
			buildActionMask = 2147483647;
			files = (
				3D69EE4C21F31DB1006209F1 /* PayconiqUITests.swift in Sources */,
			);
			runOnlyForDeploymentPostprocessing = 0;
		};
/* End PBXSourcesBuildPhase section */

/* Begin PBXTargetDependency section */
		3D69EE3E21F31DB1006209F1 /* PBXTargetDependency */ = {
			isa = PBXTargetDependency;
			target = 3D69EE2421F31DAF006209F1 /* Payconiq */;
			targetProxy = 3D69EE3D21F31DB1006209F1 /* PBXContainerItemProxy */;
		};
		3D69EE4921F31DB1006209F1 /* PBXTargetDependency */ = {
			isa = PBXTargetDependency;
			target = 3D69EE2421F31DAF006209F1 /* Payconiq */;
			targetProxy = 3D69EE4821F31DB1006209F1 /* PBXContainerItemProxy */;
		};
/* End PBXTargetDependency section */

/* Begin PBXVariantGroup section */
		3D69EE2C21F31DAF006209F1 /* Main.storyboard */ = {
			isa = PBXVariantGroup;
			children = (
				3D69EE2D21F31DAF006209F1 /* Base */,
			);
			name = Main.storyboard;
			sourceTree = "<group>";
		};
		3D69EE3421F31DB1006209F1 /* LaunchScreen.storyboard */ = {
			isa = PBXVariantGroup;
			children = (
				3D69EE3521F31DB1006209F1 /* Base */,
			);
			name = LaunchScreen.storyboard;
			sourceTree = "<group>";
		};
/* End PBXVariantGroup section */

/* Begin XCBuildConfiguration section */
		3D69EE4E21F31DB1006209F1 /* Debug */ = {
			isa = XCBuildConfiguration;
			buildSettings = {
				ALWAYS_SEARCH_USER_PATHS = NO;
				CLANG_ANALYZER_NONNULL = YES;
				CLANG_ANALYZER_NUMBER_OBJECT_CONVERSION = YES_AGGRESSIVE;
				CLANG_CXX_LANGUAGE_STANDARD = "gnu++14";
				CLANG_CXX_LIBRARY = "libc++";
				CLANG_ENABLE_MODULES = YES;
				CLANG_ENABLE_OBJC_ARC = YES;
				CLANG_ENABLE_OBJC_WEAK = YES;
				CLANG_WARN_BLOCK_CAPTURE_AUTORELEASING = YES;
				CLANG_WARN_BOOL_CONVERSION = YES;
				CLANG_WARN_COMMA = YES;
				CLANG_WARN_CONSTANT_CONVERSION = YES;
				CLANG_WARN_DEPRECATED_OBJC_IMPLEMENTATIONS = YES;
				CLANG_WARN_DIRECT_OBJC_ISA_USAGE = YES_ERROR;
				CLANG_WARN_DOCUMENTATION_COMMENTS = YES;
				CLANG_WARN_EMPTY_BODY = YES;
				CLANG_WARN_ENUM_CONVERSION = YES;
				CLANG_WARN_INFINITE_RECURSION = YES;
				CLANG_WARN_INT_CONVERSION = YES;
				CLANG_WARN_NON_LITERAL_NULL_CONVERSION = YES;
				CLANG_WARN_OBJC_IMPLICIT_RETAIN_SELF = YES;
				CLANG_WARN_OBJC_LITERAL_CONVERSION = YES;
				CLANG_WARN_OBJC_ROOT_CLASS = YES_ERROR;
				CLANG_WARN_RANGE_LOOP_ANALYSIS = YES;
				CLANG_WARN_STRICT_PROTOTYPES = YES;
				CLANG_WARN_SUSPICIOUS_MOVE = YES;
				CLANG_WARN_UNGUARDED_AVAILABILITY = YES_AGGRESSIVE;
				CLANG_WARN_UNREACHABLE_CODE = YES;
				CLANG_WARN__DUPLICATE_METHOD_MATCH = YES;
				CODE_SIGN_IDENTITY = "iPhone Developer";
				COPY_PHASE_STRIP = NO;
				DEBUG_INFORMATION_FORMAT = dwarf;
				ENABLE_STRICT_OBJC_MSGSEND = YES;
				ENABLE_TESTABILITY = YES;
				GCC_C_LANGUAGE_STANDARD = gnu11;
				GCC_DYNAMIC_NO_PIC = NO;
				GCC_NO_COMMON_BLOCKS = YES;
				GCC_OPTIMIZATION_LEVEL = 0;
				GCC_PREPROCESSOR_DEFINITIONS = (
					"DEBUG=1",
					"$(inherited)",
				);
				GCC_WARN_64_TO_32_BIT_CONVERSION = YES;
				GCC_WARN_ABOUT_RETURN_TYPE = YES_ERROR;
				GCC_WARN_UNDECLARED_SELECTOR = YES;
				GCC_WARN_UNINITIALIZED_AUTOS = YES_AGGRESSIVE;
				GCC_WARN_UNUSED_FUNCTION = YES;
				GCC_WARN_UNUSED_VARIABLE = YES;
				IPHONEOS_DEPLOYMENT_TARGET = 12.1;
				MTL_ENABLE_DEBUG_INFO = INCLUDE_SOURCE;
				MTL_FAST_MATH = YES;
				ONLY_ACTIVE_ARCH = YES;
				SDKROOT = iphoneos;
				SWIFT_ACTIVE_COMPILATION_CONDITIONS = DEBUG;
				SWIFT_OPTIMIZATION_LEVEL = "-Onone";
			};
			name = Debug;
		};
		3D69EE4F21F31DB1006209F1 /* Release */ = {
			isa = XCBuildConfiguration;
			buildSettings = {
				ALWAYS_SEARCH_USER_PATHS = NO;
				CLANG_ANALYZER_NONNULL = YES;
				CLANG_ANALYZER_NUMBER_OBJECT_CONVERSION = YES_AGGRESSIVE;
				CLANG_CXX_LANGUAGE_STANDARD = "gnu++14";
				CLANG_CXX_LIBRARY = "libc++";
				CLANG_ENABLE_MODULES = YES;
				CLANG_ENABLE_OBJC_ARC = YES;
				CLANG_ENABLE_OBJC_WEAK = YES;
				CLANG_WARN_BLOCK_CAPTURE_AUTORELEASING = YES;
				CLANG_WARN_BOOL_CONVERSION = YES;
				CLANG_WARN_COMMA = YES;
				CLANG_WARN_CONSTANT_CONVERSION = YES;
				CLANG_WARN_DEPRECATED_OBJC_IMPLEMENTATIONS = YES;
				CLANG_WARN_DIRECT_OBJC_ISA_USAGE = YES_ERROR;
				CLANG_WARN_DOCUMENTATION_COMMENTS = YES;
				CLANG_WARN_EMPTY_BODY = YES;
				CLANG_WARN_ENUM_CONVERSION = YES;
				CLANG_WARN_INFINITE_RECURSION = YES;
				CLANG_WARN_INT_CONVERSION = YES;
				CLANG_WARN_NON_LITERAL_NULL_CONVERSION = YES;
				CLANG_WARN_OBJC_IMPLICIT_RETAIN_SELF = YES;
				CLANG_WARN_OBJC_LITERAL_CONVERSION = YES;
				CLANG_WARN_OBJC_ROOT_CLASS = YES_ERROR;
				CLANG_WARN_RANGE_LOOP_ANALYSIS = YES;
				CLANG_WARN_STRICT_PROTOTYPES = YES;
				CLANG_WARN_SUSPICIOUS_MOVE = YES;
				CLANG_WARN_UNGUARDED_AVAILABILITY = YES_AGGRESSIVE;
				CLANG_WARN_UNREACHABLE_CODE = YES;
				CLANG_WARN__DUPLICATE_METHOD_MATCH = YES;
				CODE_SIGN_IDENTITY = "iPhone Developer";
				COPY_PHASE_STRIP = NO;
				DEBUG_INFORMATION_FORMAT = "dwarf-with-dsym";
				ENABLE_NS_ASSERTIONS = NO;
				ENABLE_STRICT_OBJC_MSGSEND = YES;
				GCC_C_LANGUAGE_STANDARD = gnu11;
				GCC_NO_COMMON_BLOCKS = YES;
				GCC_WARN_64_TO_32_BIT_CONVERSION = YES;
				GCC_WARN_ABOUT_RETURN_TYPE = YES_ERROR;
				GCC_WARN_UNDECLARED_SELECTOR = YES;
				GCC_WARN_UNINITIALIZED_AUTOS = YES_AGGRESSIVE;
				GCC_WARN_UNUSED_FUNCTION = YES;
				GCC_WARN_UNUSED_VARIABLE = YES;
				IPHONEOS_DEPLOYMENT_TARGET = 12.1;
				MTL_ENABLE_DEBUG_INFO = NO;
				MTL_FAST_MATH = YES;
				SDKROOT = iphoneos;
				SWIFT_COMPILATION_MODE = wholemodule;
				SWIFT_OPTIMIZATION_LEVEL = "-O";
				VALIDATE_PRODUCT = YES;
			};
			name = Release;
		};
		3D69EE5121F31DB1006209F1 /* Debug */ = {
			isa = XCBuildConfiguration;
			buildSettings = {
				ASSETCATALOG_COMPILER_APPICON_NAME = AppIcon;
				CODE_SIGN_STYLE = Automatic;
				DEVELOPMENT_TEAM = 656PJL646M;
				INFOPLIST_FILE = Payconiq/Info.plist;
				LD_RUNPATH_SEARCH_PATHS = (
					"$(inherited)",
					"@executable_path/Frameworks",
				);
				PRODUCT_BUNDLE_IDENTIFIER = com.meldehairy.Payconiq;
				PRODUCT_NAME = "$(TARGET_NAME)";
				SWIFT_VERSION = 4.2;
				TARGETED_DEVICE_FAMILY = "1,2";
			};
			name = Debug;
		};
		3D69EE5221F31DB1006209F1 /* Release */ = {
			isa = XCBuildConfiguration;
			buildSettings = {
				ASSETCATALOG_COMPILER_APPICON_NAME = AppIcon;
				CODE_SIGN_STYLE = Automatic;
				DEVELOPMENT_TEAM = 656PJL646M;
				INFOPLIST_FILE = Payconiq/Info.plist;
				LD_RUNPATH_SEARCH_PATHS = (
					"$(inherited)",
					"@executable_path/Frameworks",
				);
				PRODUCT_BUNDLE_IDENTIFIER = com.meldehairy.Payconiq;
				PRODUCT_NAME = "$(TARGET_NAME)";
				SWIFT_VERSION = 4.2;
				TARGETED_DEVICE_FAMILY = "1,2";
			};
			name = Release;
		};
		3D69EE5421F31DB1006209F1 /* Debug */ = {
			isa = XCBuildConfiguration;
			buildSettings = {
				ALWAYS_EMBED_SWIFT_STANDARD_LIBRARIES = YES;
				BUNDLE_LOADER = "$(TEST_HOST)";
				CODE_SIGN_STYLE = Automatic;
				DEVELOPMENT_TEAM = 656PJL646M;
				INFOPLIST_FILE = PayconiqTests/Info.plist;
				LD_RUNPATH_SEARCH_PATHS = (
					"$(inherited)",
					"@executable_path/Frameworks",
					"@loader_path/Frameworks",
				);
				PRODUCT_BUNDLE_IDENTIFIER = com.meldehairy.PayconiqTests;
				PRODUCT_NAME = "$(TARGET_NAME)";
				SWIFT_VERSION = 4.2;
				TARGETED_DEVICE_FAMILY = "1,2";
				TEST_HOST = "$(BUILT_PRODUCTS_DIR)/Payconiq.app/Payconiq";
			};
			name = Debug;
		};
		3D69EE5521F31DB1006209F1 /* Release */ = {
			isa = XCBuildConfiguration;
			buildSettings = {
				ALWAYS_EMBED_SWIFT_STANDARD_LIBRARIES = YES;
				BUNDLE_LOADER = "$(TEST_HOST)";
				CODE_SIGN_STYLE = Automatic;
				DEVELOPMENT_TEAM = 656PJL646M;
				INFOPLIST_FILE = PayconiqTests/Info.plist;
				LD_RUNPATH_SEARCH_PATHS = (
					"$(inherited)",
					"@executable_path/Frameworks",
					"@loader_path/Frameworks",
				);
				PRODUCT_BUNDLE_IDENTIFIER = com.meldehairy.PayconiqTests;
				PRODUCT_NAME = "$(TARGET_NAME)";
				SWIFT_VERSION = 4.2;
				TARGETED_DEVICE_FAMILY = "1,2";
				TEST_HOST = "$(BUILT_PRODUCTS_DIR)/Payconiq.app/Payconiq";
			};
			name = Release;
		};
		3D69EE5721F31DB1006209F1 /* Debug */ = {
			isa = XCBuildConfiguration;
			buildSettings = {
				ALWAYS_EMBED_SWIFT_STANDARD_LIBRARIES = YES;
				CODE_SIGN_STYLE = Automatic;
				DEVELOPMENT_TEAM = 656PJL646M;
				INFOPLIST_FILE = PayconiqUITests/Info.plist;
				LD_RUNPATH_SEARCH_PATHS = (
					"$(inherited)",
					"@executable_path/Frameworks",
					"@loader_path/Frameworks",
				);
				PRODUCT_BUNDLE_IDENTIFIER = com.meldehairy.PayconiqUITests;
				PRODUCT_NAME = "$(TARGET_NAME)";
				SWIFT_VERSION = 4.2;
				TARGETED_DEVICE_FAMILY = "1,2";
				TEST_TARGET_NAME = Payconiq;
			};
			name = Debug;
		};
		3D69EE5821F31DB1006209F1 /* Release */ = {
			isa = XCBuildConfiguration;
			buildSettings = {
				ALWAYS_EMBED_SWIFT_STANDARD_LIBRARIES = YES;
				CODE_SIGN_STYLE = Automatic;
				DEVELOPMENT_TEAM = 656PJL646M;
				INFOPLIST_FILE = PayconiqUITests/Info.plist;
				LD_RUNPATH_SEARCH_PATHS = (
					"$(inherited)",
					"@executable_path/Frameworks",
					"@loader_path/Frameworks",
				);
				PRODUCT_BUNDLE_IDENTIFIER = com.meldehairy.PayconiqUITests;
				PRODUCT_NAME = "$(TARGET_NAME)";
				SWIFT_VERSION = 4.2;
				TARGETED_DEVICE_FAMILY = "1,2";
				TEST_TARGET_NAME = Payconiq;
			};
			name = Release;
		};
/* End XCBuildConfiguration section */

/* Begin XCConfigurationList section */
		3D69EE2021F31DAF006209F1 /* Build configuration list for PBXProject "Payconiq" */ = {
			isa = XCConfigurationList;
			buildConfigurations = (
				3D69EE4E21F31DB1006209F1 /* Debug */,
				3D69EE4F21F31DB1006209F1 /* Release */,
			);
			defaultConfigurationIsVisible = 0;
			defaultConfigurationName = Release;
		};
		3D69EE5021F31DB1006209F1 /* Build configuration list for PBXNativeTarget "Payconiq" */ = {
			isa = XCConfigurationList;
			buildConfigurations = (
				3D69EE5121F31DB1006209F1 /* Debug */,
				3D69EE5221F31DB1006209F1 /* Release */,
			);
			defaultConfigurationIsVisible = 0;
			defaultConfigurationName = Release;
		};
		3D69EE5321F31DB1006209F1 /* Build configuration list for PBXNativeTarget "PayconiqTests" */ = {
			isa = XCConfigurationList;
			buildConfigurations = (
				3D69EE5421F31DB1006209F1 /* Debug */,
				3D69EE5521F31DB1006209F1 /* Release */,
			);
			defaultConfigurationIsVisible = 0;
			defaultConfigurationName = Release;
		};
		3D69EE5621F31DB1006209F1 /* Build configuration list for PBXNativeTarget "PayconiqUITests" */ = {
			isa = XCConfigurationList;
			buildConfigurations = (
				3D69EE5721F31DB1006209F1 /* Debug */,
				3D69EE5821F31DB1006209F1 /* Release */,
			);
			defaultConfigurationIsVisible = 0;
			defaultConfigurationName = Release;
		};
/* End XCConfigurationList section */

/* Begin XCVersionGroup section */
		3D69EE2F21F31DAF006209F1 /* Payconiq.xcdatamodeld */ = {
			isa = XCVersionGroup;
			children = (
				3D69EE3021F31DAF006209F1 /* Payconiq.xcdatamodel */,
			);
			currentVersion = 3D69EE3021F31DAF006209F1 /* Payconiq.xcdatamodel */;
			path = Payconiq.xcdatamodeld;
			sourceTree = "<group>";
			versionGroupType = wrapper.xcdatamodel;
		};
/* End XCVersionGroup section */
	};
	rootObject = 3D69EE1D21F31DAF006209F1 /* Project object */;
}
